
Microsoft Visual Studio Solution File, Format Version 12.00
# Visual Studio 2013
VisualStudioVersion = 12.0.21005.1
MinimumVisualStudioVersion = 10.0.40219.1
Project("{8BC9CEB8-8B4A-11D0-8D11-00A0C91BC942}") = "Double_Linked  list", "Double_Linked  list\Double_Linked  list.vcxproj", "{EFFE9843-D339-46E5-9D8E-5A550D86571F}"
EndProject
Global
	GlobalSection(SolutionConfigurationPlatforms) = preSolution
		Debug|Win32 = Debug|Win32
		Release|Win32 = Release|Win32
	EndGlobalSection
	GlobalSection(ProjectConfigurationPlatforms) = postSolution
		{EFFE9843-D339-46E5-9D8E-5A550D86571F}.Debug|Win32.ActiveCfg = Debug|Win32
		{EFFE9843-D339-46E5-9D8E-5A550D86571F}.Debug|Win32.Build.0 = Debug|Win32
		{EFFE9843-D339-46E5-9D8E-5A550D86571F}.Release|Win32.ActiveCfg = Release|Win32
		{EFFE9843-D339-46E5-9D8E-5A550D86571F}.Release|Win32.Build.0 = Release|Win32
	EndGlobalSection
	GlobalSection(SolutionProperties) = preSolution
		HideSolutionNode = FALSE
	EndGlobalSection
EndGlobal
